// !$*UTF8*$!
{
	archiveVersion = 1;
	classes = {
	};
	objectVersion = 50;
	objects = {

/* Begin PBXBuildFile section */
		18D987F0264B40CF00ADC32D /* AppDelegate.swift in Sources */ = {isa = PBXBuildFile; fileRef = 18D987EF264B40CF00ADC32D /* AppDelegate.swift */; };
		18D987F2264B40CF00ADC32D /* SceneDelegate.swift in Sources */ = {isa = PBXBuildFile; fileRef = 18D987F1264B40CF00ADC32D /* SceneDelegate.swift */; };
		18D987F4264B40CF00ADC32D /* ViewController.swift in Sources */ = {isa = PBXBuildFile; fileRef = 18D987F3264B40CF00ADC32D /* ViewController.swift */; };
		18D987FA264B40CF00ADC32D /* ToDoListApp.xcdatamodeld in Sources */ = {isa = PBXBuildFile; fileRef = 18D987F8264B40CF00ADC32D /* ToDoListApp.xcdatamodeld */; };
		18D987FC264B40D200ADC32D /* Assets.xcassets in Resources */ = {isa = PBXBuildFile; fileRef = 18D987FB264B40D200ADC32D /* Assets.xcassets */; };
		18D987FF264B40D200ADC32D /* LaunchScreen.storyboard in Resources */ = {isa = PBXBuildFile; fileRef = 18D987FD264B40D200ADC32D /* LaunchScreen.storyboard */; };
		18D98808264B435900ADC32D /* ToDoTableViewController.swift in Sources */ = {isa = PBXBuildFile; fileRef = 18D98807264B435900ADC32D /* ToDoTableViewController.swift */; };
		18D9880B264B43C500ADC32D /* ToDo.swift in Sources */ = {isa = PBXBuildFile; fileRef = 18D9880A264B43C500ADC32D /* ToDo.swift */; };
		18D9880E264B544800ADC32D /* AddToDoViewController.swift in Sources */ = {isa = PBXBuildFile; fileRef = 18D9880D264B544800ADC32D /* AddToDoViewController.swift */; };
		18D98811264B5C9800ADC32D /* CompleteToDoViewController.swift in Sources */ = {isa = PBXBuildFile; fileRef = 18D98810264B5C9800ADC32D /* CompleteToDoViewController.swift */; };
		18D98814264B64BC00ADC32D /* Main.storyboard in Resources */ = {isa = PBXBuildFile; fileRef = 18D987F5264B40CF00ADC32D /* Main.storyboard */; };
/* End PBXBuildFile section */

/* Begin PBXFileReference section */
		18D987EC264B40CF00ADC32D /* ToDoListApp.app */ = {isa = PBXFileReference; explicitFileType = wrapper.application; includeInIndex = 0; path = ToDoListApp.app; sourceTree = BUILT_PRODUCTS_DIR; };
		18D987EF264B40CF00ADC32D /* AppDelegate.swift */ = {isa = PBXFileReference; lastKnownFileType = sourcecode.swift; path = AppDelegate.swift; sourceTree = "<group>"; };
		18D987F1264B40CF00ADC32D /* SceneDelegate.swift */ = {isa = PBXFileReference; lastKnownFileType = sourcecode.swift; path = SceneDelegate.swift; sourceTree = "<group>"; };
		18D987F3264B40CF00ADC32D /* ViewController.swift */ = {isa = PBXFileReference; lastKnownFileType = sourcecode.swift; path = ViewController.swift; sourceTree = "<group>"; };
		18D987F6264B40CF00ADC32D /* Base */ = {isa = PBXFileReference; lastKnownFileType = file.storyboard; name = Base; path = Base.lproj/Main.storyboard; sourceTree = "<group>"; };
		18D987F9264B40CF00ADC32D /* ToDoListApp.xcdatamodel */ = {isa = PBXFileReference; lastKnownFileType = wrapper.xcdatamodel; path = ToDoListApp.xcdatamodel; sourceTree = "<group>"; };
		18D987FB264B40D200ADC32D /* Assets.xcassets */ = {isa = PBXFileReference; lastKnownFileType = folder.assetcatalog; path = Assets.xcassets; sourceTree = "<group>"; };
		18D987FE264B40D200ADC32D /* Base */ = {isa = PBXFileReference; lastKnownFileType = file.storyboard; name = Base; path = Base.lproj/LaunchScreen.storyboard; sourceTree = "<group>"; };
		18D98800264B40D200ADC32D /* Info.plist */ = {isa = PBXFileReference; lastKnownFileType = text.plist.xml; path = Info.plist; sourceTree = "<group>"; };
		18D98807264B435900ADC32D /* ToDoTableViewController.swift */ = {isa = PBXFileReference; lastKnownFileType = sourcecode.swift; path = ToDoTableViewController.swift; sourceTree = "<group>"; };
		18D9880A264B43C500ADC32D /* ToDo.swift */ = {isa = PBXFileReference; lastKnownFileType = sourcecode.swift; path = ToDo.swift; sourceTree = "<group>"; };
		18D9880D264B544800ADC32D /* AddToDoViewController.swift */ = {isa = PBXFileReference; lastKnownFileType = sourcecode.swift; path = AddToDoViewController.swift; sourceTree = "<group>"; };
		18D98810264B5C9800ADC32D /* CompleteToDoViewController.swift */ = {isa = PBXFileReference; lastKnownFileType = sourcecode.swift; path = CompleteToDoViewController.swift; sourceTree = "<group>"; };
/* End PBXFileReference section */

/* Begin PBXFrameworksBuildPhase section */
		18D987E9264B40CF00ADC32D /* Frameworks */ = {
			isa = PBXFrameworksBuildPhase;
			buildActionMask = 2147483647;
			files = (
			);
			runOnlyForDeploymentPostprocessing = 0;
		};
/* End PBXFrameworksBuildPhase section */

/* Begin PBXGroup section */
		18D987E3264B40CF00ADC32D = {
			isa = PBXGroup;
			children = (
				18D987EE264B40CF00ADC32D /* ToDoListApp */,
				18D987ED264B40CF00ADC32D /* Products */,
			);
			sourceTree = "<group>";
		};
		18D987ED264B40CF00ADC32D /* Products */ = {
			isa = PBXGroup;
			children = (
				18D987EC264B40CF00ADC32D /* ToDoListApp.app */,
			);
			name = Products;
			sourceTree = "<group>";
		};
		18D987EE264B40CF00ADC32D /* ToDoListApp */ = {
			isa = PBXGroup;
			children = (
				18D987EF264B40CF00ADC32D /* AppDelegate.swift */,
				18D987F1264B40CF00ADC32D /* SceneDelegate.swift */,
				18D987F3264B40CF00ADC32D /* ViewController.swift */,
				18D987F5264B40CF00ADC32D /* Main.storyboard */,
				18D987FB264B40D200ADC32D /* Assets.xcassets */,
				18D987FD264B40D200ADC32D /* LaunchScreen.storyboard */,
				18D98800264B40D200ADC32D /* Info.plist */,
				18D987F8264B40CF00ADC32D /* ToDoListApp.xcdatamodeld */,
				18D98807264B435900ADC32D /* ToDoTableViewController.swift */,
				18D9880A264B43C500ADC32D /* ToDo.swift */,
				18D9880D264B544800ADC32D /* AddToDoViewController.swift */,
				18D98810264B5C9800ADC32D /* CompleteToDoViewController.swift */,
			);
			path = ToDoListApp;
			sourceTree = "<group>";
		};
/* End PBXGroup section */

/* Begin PBXNativeTarget section */
		18D987EB264B40CF00ADC32D /* ToDoListApp */ = {
			isa = PBXNativeTarget;
			buildConfigurationList = 18D98803264B40D200ADC32D /* Build configuration list for PBXNativeTarget "ToDoListApp" */;
			buildPhases = (
				18D987E8264B40CF00ADC32D /* Sources */,
				18D987E9264B40CF00ADC32D /* Frameworks */,
				18D987EA264B40CF00ADC32D /* Resources */,
			);
			buildRules = (
			);
			dependencies = (
			);
			name = ToDoListApp;
			productName = ToDoListApp;
			productReference = 18D987EC264B40CF00ADC32D /* ToDoListApp.app */;
			productType = "com.apple.product-type.application";
		};
/* End PBXNativeTarget section */

/* Begin PBXProject section */
		18D987E4264B40CF00ADC32D /* Project object */ = {
			isa = PBXProject;
			attributes = {
				LastSwiftUpdateCheck = 1240;
				LastUpgradeCheck = 1240;
				TargetAttributes = {
					18D987EB264B40CF00ADC32D = {
						CreatedOnToolsVersion = 12.4;
					};
				};
			};
			buildConfigurationList = 18D987E7264B40CF00ADC32D /* Build configuration list for PBXProject "ToDoListApp" */;
			compatibilityVersion = "Xcode 9.3";
			developmentRegion = en;
			hasScannedForEncodings = 0;
			knownRegions = (
				en,
				Base,
			);
			mainGroup = 18D987E3264B40CF00ADC32D;
			productRefGroup = 18D987ED264B40CF00ADC32D /* Products */;
			projectDirPath = "";
			projectRoot = "";
			targets = (
				18D987EB264B40CF00ADC32D /* ToDoListApp */,
			);
		};
/* End PBXProject section */

/* Begin PBXResourcesBuildPhase section */
		18D987EA264B40CF00ADC32D /* Resources */ = {
			isa = PBXResourcesBuildPhase;
			buildActionMask = 2147483647;
			files = (
				18D98814264B64BC00ADC32D /* Main.storyboard in Resources */,
				18D987FF264B40D200ADC32D /* LaunchScreen.storyboard in Resources */,
				18D987FC264B40D200ADC32D /* Assets.xcassets in Resources */,
			);
			runOnlyForDeploymentPostprocessing = 0;
		};
/* End PBXResourcesBuildPhase section */

/* Begin PBXSourcesBuildPhase section */
		18D987E8264B40CF00ADC32D /* Sources */ = {
			isa = PBXSourcesBuildPhase;
			buildActionMask = 2147483647;
			files = (
				18D987F4264B40CF00ADC32D /* ViewController.swift in Sources */,
				18D987F0264B40CF00ADC32D /* AppDelegate.swift in Sources */,
				18D98811264B5C9800ADC32D /* CompleteToDoViewController.swift in Sources */,
				18D987F2264B40CF00ADC32D /* SceneDelegate.swift in Sources */,
				18D9880B264B43C500ADC32D /* ToDo.swift in Sources */,
				18D9880E264B544800ADC32D /* AddToDoViewController.swift in Sources */,
				18D987FA264B40CF00ADC32D /* ToDoListApp.xcdatamodeld in Sources */,
				18D98808264B435900ADC32D /* ToDoTableViewController.swift in Sources */,
			);
			runOnlyForDeploymentPostprocessing = 0;
		};
/* End PBXSourcesBuildPhase section */

/* Begin PBXVariantGroup section */
		18D987F5264B40CF00ADC32D /* Main.storyboard */ = {
			isa = PBXVariantGroup;
			children = (
				18D987F6264B40CF00ADC32D /* Base */,
			);
			name = Main.storyboard;
			sourceTree = "<group>";
		};
		18D987FD264B40D200ADC32D /* LaunchScreen.storyboard */ = {
			isa = PBXVariantGroup;
			children = (
				18D987FE264B40D200ADC32D /* Base */,
			);
			name = LaunchScreen.storyboard;
			sourceTree = "<group>";
		};
/* End PBXVariantGroup section */

/* Begin XCBuildConfiguration section */
		18D98801264B40D200ADC32D /* Debug */ = {
			isa = XCBuildConfiguration;
			buildSettings = {
				ALWAYS_SEARCH_USER_PATHS = NO;
				CLANG_ANALYZER_NONNULL = YES;
				CLANG_ANALYZER_NUMBER_OBJECT_CONVERSION = YES_AGGRESSIVE;
				CLANG_CXX_LANGUAGE_STANDARD = "gnu++14";
				CLANG_CXX_LIBRARY = "libc++";
				CLANG_ENABLE_MODULES = YES;
				CLANG_ENABLE_OBJC_ARC = YES;
				CLANG_ENABLE_OBJC_WEAK = YES;
				CLANG_WARN_BLOCK_CAPTURE_AUTORELEASING = YES;
				CLANG_WARN_BOOL_CONVERSION = YES;
				CLANG_WARN_COMMA = YES;
				CLANG_WARN_CONSTANT_CONVERSION = YES;
				CLANG_WARN_DEPRECATED_OBJC_IMPLEMENTATIONS = YES;
				CLANG_WARN_DIRECT_OBJC_ISA_USAGE = YES_ERROR;
				CLANG_WARN_DOCUMENTATION_COMMENTS = YES;
				CLANG_WARN_EMPTY_BODY = YES;
				CLANG_WARN_ENUM_CONVERSION = YES;
				CLANG_WARN_INFINITE_RECURSION = YES;
				CLANG_WARN_INT_CONVERSION = YES;
				CLANG_WARN_NON_LITERAL_NULL_CONVERSION = YES;
				CLANG_WARN_OBJC_IMPLICIT_RETAIN_SELF = YES;
				CLANG_WARN_OBJC_LITERAL_CONVERSION = YES;
				CLANG_WARN_OBJC_ROOT_CLASS = YES_ERROR;
				CLANG_WARN_QUOTED_INCLUDE_IN_FRAMEWORK_HEADER = YES;
				CLANG_WARN_RANGE_LOOP_ANALYSIS = YES;
				CLANG_WARN_STRICT_PROTOTYPES = YES;
				CLANG_WARN_SUSPICIOUS_MOVE = YES;
				CLANG_WARN_UNGUARDED_AVAILABILITY = YES_AGGRESSIVE;
				CLANG_WARN_UNREACHABLE_CODE = YES;
				CLANG_WARN__DUPLICATE_METHOD_MATCH = YES;
				COPY_PHASE_STRIP = NO;
				DEBUG_INFORMATION_FORMAT = dwarf;
				ENABLE_STRICT_OBJC_MSGSEND = YES;
				ENABLE_TESTABILITY = YES;
				GCC_C_LANGUAGE_STANDARD = gnu11;
				GCC_DYNAMIC_NO_PIC = NO;
				GCC_NO_COMMON_BLOCKS = YES;
				GCC_OPTIMIZATION_LEVEL = 0;
				GCC_PREPROCESSOR_DEFINITIONS = (
					"DEBUG=1",
					"$(inherited)",
				);
				GCC_WARN_64_TO_32_BIT_CONVERSION = YES;
				GCC_WARN_ABOUT_RETURN_TYPE = YES_ERROR;
				GCC_WARN_UNDECLARED_SELECTOR = YES;
				GCC_WARN_UNINITIALIZED_AUTOS = YES_AGGRESSIVE;
				GCC_WARN_UNUSED_FUNCTION = YES;
				GCC_WARN_UNUSED_VARIABLE = YES;
				IPHONEOS_DEPLOYMENT_TARGET = 14.4;
				MTL_ENABLE_DEBUG_INFO = INCLUDE_SOURCE;
				MTL_FAST_MATH = YES;
				ONLY_ACTIVE_ARCH = YES;
				SDKROOT = iphoneos;
				SWIFT_ACTIVE_COMPILATION_CONDITIONS = DEBUG;
				SWIFT_OPTIMIZATION_LEVEL = "-Onone";
			};
			name = Debug;
		};
		18D98802264B40D200ADC32D /* Release */ = {
			isa = XCBuildConfiguration;
			buildSettings = {
				ALWAYS_SEARCH_USER_PATHS = NO;
				CLANG_ANALYZER_NONNULL = YES;
				CLANG_ANALYZER_NUMBER_OBJECT_CONVERSION = YES_AGGRESSIVE;
				CLANG_CXX_LANGUAGE_STANDARD = "gnu++14";
				CLANG_CXX_LIBRARY = "libc++";
				CLANG_ENABLE_MODULES = YES;
				CLANG_ENABLE_OBJC_ARC = YES;
				CLANG_ENABLE_OBJC_WEAK = YES;
				CLANG_WARN_BLOCK_CAPTURE_AUTORELEASING = YES;
				CLANG_WARN_BOOL_CONVERSION = YES;
				CLANG_WARN_COMMA = YES;
				CLANG_WARN_CONSTANT_CONVERSION = YES;
				CLANG_WARN_DEPRECATED_OBJC_IMPLEMENTATIONS = YES;
				CLANG_WARN_DIRECT_OBJC_ISA_USAGE = YES_ERROR;
				CLANG_WARN_DOCUMENTATION_COMMENTS = YES;
				CLANG_WARN_EMPTY_BODY = YES;
				CLANG_WARN_ENUM_CONVERSION = YES;
				CLANG_WARN_INFINITE_RECURSION = YES;
				CLANG_WARN_INT_CONVERSION = YES;
				CLANG_WARN_NON_LITERAL_NULL_CONVERSION = YES;
				CLANG_WARN_OBJC_IMPLICIT_RETAIN_SELF = YES;
				CLANG_WARN_OBJC_LITERAL_CONVERSION = YES;
				CLANG_WARN_OBJC_ROOT_CLASS = YES_ERROR;
				CLANG_WARN_QUOTED_INCLUDE_IN_FRAMEWORK_HEADER = YES;
				CLANG_WARN_RANGE_LOOP_ANALYSIS = YES;
				CLANG_WARN_STRICT_PROTOTYPES = YES;
				CLANG_WARN_SUSPICIOUS_MOVE = YES;
				CLANG_WARN_UNGUARDED_AVAILABILITY = YES_AGGRESSIVE;
				CLANG_WARN_UNREACHABLE_CODE = YES;
				CLANG_WARN__DUPLICATE_METHOD_MATCH = YES;
				COPY_PHASE_STRIP = NO;
				DEBUG_INFORMATION_FORMAT = "dwarf-with-dsym";
				ENABLE_NS_ASSERTIONS = NO;
				ENABLE_STRICT_OBJC_MSGSEND = YES;
				GCC_C_LANGUAGE_STANDARD = gnu11;
				GCC_NO_COMMON_BLOCKS = YES;
				GCC_WARN_64_TO_32_BIT_CONVERSION = YES;
				GCC_WARN_ABOUT_RETURN_TYPE = YES_ERROR;
				GCC_WARN_UNDECLARED_SELECTOR = YES;
				GCC_WARN_UNINITIALIZED_AUTOS = YES_AGGRESSIVE;
				GCC_WARN_UNUSED_FUNCTION = YES;
				GCC_WARN_UNUSED_VARIABLE = YES;
				IPHONEOS_DEPLOYMENT_TARGET = 14.4;
				MTL_ENABLE_DEBUG_INFO = NO;
				MTL_FAST_MATH = YES;
				SDKROOT = iphoneos;
				SWIFT_COMPILATION_MODE = wholemodule;
				SWIFT_OPTIMIZATION_LEVEL = "-O";
				VALIDATE_PRODUCT = YES;
			};
			name = Release;
		};
		18D98804264B40D200ADC32D /* Debug */ = {
			isa = XCBuildConfiguration;
			buildSettings = {
				ASSETCATALOG_COMPILER_APPICON_NAME = AppIcon;
				ASSETCATALOG_COMPILER_GLOBAL_ACCENT_COLOR_NAME = AccentColor;
				CODE_SIGN_STYLE = Automatic;
				INFOPLIST_FILE = ToDoListApp/Info.plist;
				LD_RUNPATH_SEARCH_PATHS = (
					"$(inherited)",
					"@executable_path/Frameworks",
				);
				PRODUCT_BUNDLE_IDENTIFIER = KWK.ToDoListApp;
				PRODUCT_NAME = "$(TARGET_NAME)";
				SWIFT_VERSION = 5.0;
				TARGETED_DEVICE_FAMILY = "1,2";
			};
			name = Debug;
		};
		18D98805264B40D200ADC32D /* Release */ = {
			isa = XCBuildConfiguration;
			buildSettings = {
				ASSETCATALOG_COMPILER_APPICON_NAME = AppIcon;
				ASSETCATALOG_COMPILER_GLOBAL_ACCENT_COLOR_NAME = AccentColor;
				CODE_SIGN_STYLE = Automatic;
				INFOPLIST_FILE = ToDoListApp/Info.plist;
				LD_RUNPATH_SEARCH_PATHS = (
					"$(inherited)",
					"@executable_path/Frameworks",
				);
				PRODUCT_BUNDLE_IDENTIFIER = KWK.ToDoListApp;
				PRODUCT_NAME = "$(TARGET_NAME)";
				SWIFT_VERSION = 5.0;
				TARGETED_DEVICE_FAMILY = "1,2";
			};
			name = Release;
		};
/* End XCBuildConfiguration section */

/* Begin XCConfigurationList section */
		18D987E7264B40CF00ADC32D /* Build configuration list for PBXProject "ToDoListApp" */ = {
			isa = XCConfigurationList;
			buildConfigurations = (
				18D98801264B40D200ADC32D /* Debug */,
				18D98802264B40D200ADC32D /* Release */,
			);
			defaultConfigurationIsVisible = 0;
			defaultConfigurationName = Release;
		};
		18D98803264B40D200ADC32D /* Build configuration list for PBXNativeTarget "ToDoListApp" */ = {
			isa = XCConfigurationList;
			buildConfigurations = (
				18D98804264B40D200ADC32D /* Debug */,
				18D98805264B40D200ADC32D /* Release */,
			);
			defaultConfigurationIsVisible = 0;
			defaultConfigurationName = Release;
		};
/* End XCConfigurationList section */

/* Begin XCVersionGroup section */
		18D987F8264B40CF00ADC32D /* ToDoListApp.xcdatamodeld */ = {
			isa = XCVersionGroup;
			children = (
				18D987F9264B40CF00ADC32D /* ToDoListApp.xcdatamodel */,
			);
			currentVersion = 18D987F9264B40CF00ADC32D /* ToDoListApp.xcdatamodel */;
			path = ToDoListApp.xcdatamodeld;
			sourceTree = "<group>";
			versionGroupType = wrapper.xcdatamodel;
		};
/* End XCVersionGroup section */
	};
	rootObject = 18D987E4264B40CF00ADC32D /* Project object */;
}
